
Microsoft Visual Studio Solution File, Format Version 12.00
# Visual Studio 15
VisualStudioVersion = 15.0.27130.2026
MinimumVisualStudioVersion = 10.0.40219.1
Project("{FAE04EC0-301F-11D3-BF4B-00C04F79EFBC}") = "Core", "Core\Core.csproj", "{AA4345F8-2FC8-4B74-84F7-986E8B83B752}"
EndProject
Project("{2150E333-8FDC-42A3-9474-1A3956D46DE8}") = "Services", "Services", "{4CEDF68E-045C-43BA-BC93-247E114401EE}"
EndProject
Project("{2150E333-8FDC-42A3-9474-1A3956D46DE8}") = "Tests", "Tests", "{E8063D71-BAB7-446A-9987-80B0AB0A4343}"
EndProject
Project("{2150E333-8FDC-42A3-9474-1A3956D46DE8}") = "Samples", "Samples", "{1D768600-9959-4600-84C6-3331C3E6CB62}"
EndProject
Project("{FAE04EC0-301F-11D3-BF4B-00C04F79EFBC}") = "Auth.Oidc", "Services\Auth.Oidc\Auth.Oidc.csproj", "{1BE1962E-358F-43F9-AAEA-329A3DB28CE0}"
EndProject
Project("{FAE04EC0-301F-11D3-BF4B-00C04F79EFBC}") = "UserSettings", "Services\UserSettings\UserSettings.csproj", "{FCB9F4AB-86FE-4DBC-8733-02238798A5D1}"
EndProject
Project("{FAE04EC0-301F-11D3-BF4B-00C04F79EFBC}") = "CoreTests", "Tests\CoreTests\CoreTests.csproj", "{B30B4CB3-CFC1-4371-8071-1768BFA3B8F3}"
EndProject
Global
	GlobalSection(SolutionConfigurationPlatforms) = preSolution
		Debug|Any CPU = Debug|Any CPU
		Release|Any CPU = Release|Any CPU
	EndGlobalSection
	GlobalSection(ProjectConfigurationPlatforms) = postSolution
		{AA4345F8-2FC8-4B74-84F7-986E8B83B752}.Debug|Any CPU.ActiveCfg = Debug|Any CPU
		{AA4345F8-2FC8-4B74-84F7-986E8B83B752}.Debug|Any CPU.Build.0 = Debug|Any CPU
		{AA4345F8-2FC8-4B74-84F7-986E8B83B752}.Release|Any CPU.ActiveCfg = Release|Any CPU
		{AA4345F8-2FC8-4B74-84F7-986E8B83B752}.Release|Any CPU.Build.0 = Release|Any CPU
		{1BE1962E-358F-43F9-AAEA-329A3DB28CE0}.Debug|Any CPU.ActiveCfg = Debug|Any CPU
		{1BE1962E-358F-43F9-AAEA-329A3DB28CE0}.Debug|Any CPU.Build.0 = Debug|Any CPU
		{1BE1962E-358F-43F9-AAEA-329A3DB28CE0}.Release|Any CPU.ActiveCfg = Release|Any CPU
		{1BE1962E-358F-43F9-AAEA-329A3DB28CE0}.Release|Any CPU.Build.0 = Release|Any CPU
		{FCB9F4AB-86FE-4DBC-8733-02238798A5D1}.Debug|Any CPU.ActiveCfg = Debug|Any CPU
		{FCB9F4AB-86FE-4DBC-8733-02238798A5D1}.Debug|Any CPU.Build.0 = Debug|Any CPU
		{FCB9F4AB-86FE-4DBC-8733-02238798A5D1}.Release|Any CPU.ActiveCfg = Release|Any CPU
		{FCB9F4AB-86FE-4DBC-8733-02238798A5D1}.Release|Any CPU.Build.0 = Release|Any CPU
		{B30B4CB3-CFC1-4371-8071-1768BFA3B8F3}.Debug|Any CPU.ActiveCfg = Debug|Any CPU
		{B30B4CB3-CFC1-4371-8071-1768BFA3B8F3}.Debug|Any CPU.Build.0 = Debug|Any CPU
		{B30B4CB3-CFC1-4371-8071-1768BFA3B8F3}.Release|Any CPU.ActiveCfg = Release|Any CPU
		{B30B4CB3-CFC1-4371-8071-1768BFA3B8F3}.Release|Any CPU.Build.0 = Release|Any CPU
	EndGlobalSection
	GlobalSection(SolutionProperties) = preSolution
		HideSolutionNode = FALSE
	EndGlobalSection
	GlobalSection(NestedProjects) = preSolution
		{1BE1962E-358F-43F9-AAEA-329A3DB28CE0} = {4CEDF68E-045C-43BA-BC93-247E114401EE}
		{FCB9F4AB-86FE-4DBC-8733-02238798A5D1} = {4CEDF68E-045C-43BA-BC93-247E114401EE}
		{B30B4CB3-CFC1-4371-8071-1768BFA3B8F3} = {E8063D71-BAB7-446A-9987-80B0AB0A4343}
	EndGlobalSection
	GlobalSection(ExtensibilityGlobals) = postSolution
		SolutionGuid = {A20A6226-6310-4D97-8DF0-CA7759CCBFD2}
	EndGlobalSection
EndGlobal
